# This file is automatically @generated by Cargo.
# It is not intended for manual editing.
version = 3

[[package]]
name = "bitflags"
version = "1.3.2"
source = "registry+https://github.com/rust-lang/crates.io-index"
checksum = "bef38d45163c2f1dde094a7dfd33ccf595c92905c8f8f4fdc18d06fb1037718a"

[[package]]
name = "soft-float"
version = "0.1.0"
dependencies = [
 "softfp",
]

[[package]]
name = "softfp"
version = "0.1.0"
source = "registry+https://github.com/rust-lang/crates.io-index"
checksum = "6bf3fd628b3cd10e93e6a1ed3bef6ce1e270b423e004219268b10b9b7598b5f8"
dependencies = [
 "bitflags",
]
